Microsoft Visual Studio Solution File, Format Version 12.00
# Visual Studio Version 17
VisualStudioVersion = 17.5.2.0
MinimumVisualStudioVersion = 10.0.40219.1
Project("{2150E333-8FDC-42A3-9474-1A3956D46DE8}") = "autocad-plugin", "autocad-plugin", "{7DDB9804-8DA2-FCF0-5DDC-E8B5552E6620}"
EndProject
Project("{FAE04EC0-301F-11D3-BF4B-00C04F79EFBC}") = "AutoCAD.MCP.Plugin", "autocad-plugin\AutoCAD.MCP.Plugin.csproj", "{4B976346-2010-E137-BABF-BA867B0DE0C4}"
EndProject
Global
	GlobalSection(SolutionConfigurationPlatforms) = preSolution
		Debug|Any CPU = Debug|Any CPU
		Release|Any CPU = Release|Any CPU
	EndGlobalSection
	GlobalSection(ProjectConfigurationPlatforms) = postSolution
		{4B976346-2010-E137-BABF-BA867B0DE0C4}.Debug|Any CPU.ActiveCfg = Debug|Any CPU
		{4B976346-2010-E137-BABF-BA867B0DE0C4}.Debug|Any CPU.Build.0 = Debug|Any CPU
		{4B976346-2010-E137-BABF-BA867B0DE0C4}.Release|Any CPU.ActiveCfg = Release|Any CPU
		{4B976346-2010-E137-BABF-BA867B0DE0C4}.Release|Any CPU.Build.0 = Release|Any CPU
	EndGlobalSection
	GlobalSection(SolutionProperties) = preSolution
		HideSolutionNode = FALSE
	EndGlobalSection
	GlobalSection(NestedProjects) = preSolution
		{4B976346-2010-E137-BABF-BA867B0DE0C4} = {7DDB9804-8DA2-FCF0-5DDC-E8B5552E6620}
	EndGlobalSection
	GlobalSection(ExtensibilityGlobals) = postSolution
		SolutionGuid = {7D7367CE-3920-409D-AE32-9D767C1A5CB9}
	EndGlobalSection
EndGlobal
